
Microsoft Visual Studio Solution File, Format Version 12.00
# Visual Studio Version 16
VisualStudioVersion = 16.0.29306.81
MinimumVisualStudioVersion = 10.0.40219.1
Project("{8BC9CEB8-8B4A-11D0-8D11-00A0C91BC942}") = "CudaBinarySearch", "CudaBinarySearch.vcxproj", "{830E6966-F7C6-4F6C-B3D4-7C7F006213F2}"
EndProject
Global
	GlobalSection(SolutionConfigurationPlatforms) = preSolution
		Debug|x64 = Debug|x64
		Release|x64 = Release|x64
	EndGlobalSection
	GlobalSection(ProjectConfigurationPlatforms) = postSolution
		{830E6966-F7C6-4F6C-B3D4-7C7F006213F2}.Debug|x64.ActiveCfg = Debug|x64
		{830E6966-F7C6-4F6C-B3D4-7C7F006213F2}.Debug|x64.Build.0 = Debug|x64
		{830E6966-F7C6-4F6C-B3D4-7C7F006213F2}.Release|x64.ActiveCfg = Release|x64
		{830E6966-F7C6-4F6C-B3D4-7C7F006213F2}.Release|x64.Build.0 = Release|x64
	EndGlobalSection
	GlobalSection(SolutionProperties) = preSolution
		HideSolutionNode = FALSE
	EndGlobalSection
	GlobalSection(ExtensibilityGlobals) = postSolution
		SolutionGuid = {BD65DEDB-7C03-43B1-BB13-B698A5E57F28}
	EndGlobalSection
EndGlobal
